
Microsoft Visual Studio Solution File, Format Version 12.00
# Visual Studio 14
VisualStudioVersion = 14.0.25420.1
MinimumVisualStudioVersion = 10.0.40219.1
Project("{FAE04EC0-301F-11D3-BF4B-00C04F79EFBC}") = "Dijkstra", "Dijkstra\Dijkstra.csproj", "{9528509B-E007-4F8C-A819-CDE17E985CDA}"
EndProject
Project("{FAE04EC0-301F-11D3-BF4B-00C04F79EFBC}") = "DijkstraUnitTests", "DijkstraUnitTests\DijkstraUnitTests.csproj", "{23932553-80B3-411C-8A21-9E2EABB20686}"
EndProject
Project("{2150E333-8FDC-42A3-9474-1A3956D46DE8}") = "Structures", "Structures", "{8FE47E23-8425-4976-8DC1-16260BB5D867}"
EndProject
Project("{FAE04EC0-301F-11D3-BF4B-00C04F79EFBC}") = "PriorityQueue", "PriorityQueue\PriorityQueue.csproj", "{8A6DEF9C-6BAE-4D8C-BE83-D7E5F8B2D333}"
EndProject
Global
	GlobalSection(SolutionConfigurationPlatforms) = preSolution
		Debug|Any CPU = Debug|Any CPU
		Release|Any CPU = Release|Any CPU
	EndGlobalSection
	GlobalSection(ProjectConfigurationPlatforms) = postSolution
		{9528509B-E007-4F8C-A819-CDE17E985CDA}.Debug|Any CPU.ActiveCfg = Debug|Any CPU
		{9528509B-E007-4F8C-A819-CDE17E985CDA}.Debug|Any CPU.Build.0 = Debug|Any CPU
		{9528509B-E007-4F8C-A819-CDE17E985CDA}.Release|Any CPU.ActiveCfg = Release|Any CPU
		{9528509B-E007-4F8C-A819-CDE17E985CDA}.Release|Any CPU.Build.0 = Release|Any CPU
		{23932553-80B3-411C-8A21-9E2EABB20686}.Debug|Any CPU.ActiveCfg = Debug|Any CPU
		{23932553-80B3-411C-8A21-9E2EABB20686}.Debug|Any CPU.Build.0 = Debug|Any CPU
		{23932553-80B3-411C-8A21-9E2EABB20686}.Release|Any CPU.ActiveCfg = Release|Any CPU
		{23932553-80B3-411C-8A21-9E2EABB20686}.Release|Any CPU.Build.0 = Release|Any CPU
		{8A6DEF9C-6BAE-4D8C-BE83-D7E5F8B2D333}.Debug|Any CPU.ActiveCfg = Debug|Any CPU
		{8A6DEF9C-6BAE-4D8C-BE83-D7E5F8B2D333}.Debug|Any CPU.Build.0 = Debug|Any CPU
		{8A6DEF9C-6BAE-4D8C-BE83-D7E5F8B2D333}.Release|Any CPU.ActiveCfg = Release|Any CPU
		{8A6DEF9C-6BAE-4D8C-BE83-D7E5F8B2D333}.Release|Any CPU.Build.0 = Release|Any CPU
	EndGlobalSection
	GlobalSection(SolutionProperties) = preSolution
		HideSolutionNode = FALSE
	EndGlobalSection
	GlobalSection(NestedProjects) = preSolution
		{8A6DEF9C-6BAE-4D8C-BE83-D7E5F8B2D333} = {8FE47E23-8425-4976-8DC1-16260BB5D867}
	EndGlobalSection
EndGlobal
